{
  "requires": true,
  "lockfileVersion": 1,
  "dependencies": {
    "simple-scrollspy": {
      "version": "2.1.0",
      "resolved": "https://registry.npmjs.org/simple-scrollspy/-/simple-scrollspy-2.1.0.tgz",
      "integrity": "sha512-sgucHInUu2UzympeHaaimJ4qUWmV+RkeZFkR7Qi+miteoi9F7EfG+zEPC0bO139Sy5BNisxLXiduyAIF8yIwuQ=="
    }
  }
}
